
Microsoft Visual Studio Solution File, Format Version 12.00
# Visual Studio Version 17
VisualStudioVersion = 17.7.34031.279
MinimumVisualStudioVersion = 10.0.40219.1
Project("{FAE04EC0-301F-11D3-BF4B-00C04F79EFBC}") = "project 1", "project 1\project 1.csproj", "{AEC01EE8-BC80-4A7F-89E8-E34A235B2AE5}"
EndProject
Global
	GlobalSection(SolutionConfigurationPlatforms) = preSolution
		Debug|Any CPU = Debug|Any CPU
		Release|Any CPU = Release|Any CPU
	EndGlobalSection
	GlobalSection(ProjectConfigurationPlatforms) = postSolution
		{AEC01EE8-BC80-4A7F-89E8-E34A235B2AE5}.Debug|Any CPU.ActiveCfg = Debug|Any CPU
		{AEC01EE8-BC80-4A7F-89E8-E34A235B2AE5}.Debug|Any CPU.Build.0 = Debug|Any CPU
		{AEC01EE8-BC80-4A7F-89E8-E34A235B2AE5}.Release|Any CPU.ActiveCfg = Release|Any CPU
		{AEC01EE8-BC80-4A7F-89E8-E34A235B2AE5}.Release|Any CPU.Build.0 = Release|Any CPU
	EndGlobalSection
	GlobalSection(SolutionProperties) = preSolution
		HideSolutionNode = FALSE
	EndGlobalSection
	GlobalSection(ExtensibilityGlobals) = postSolution
		SolutionGuid = {E3E276F3-26A0-4355-BC80-9F7D133E0A8E}
	EndGlobalSection
EndGlobal
